// !$*UTF8*$!
{
	archiveVersion = 1;
	classes = {
	};
	objectVersion = 55;
	objects = {

/* Begin PBXBuildFile section */
		1F575CADAA66090C990A2075 /* Pods_SuperApp2_SuperApp2UITests.framework in Frameworks */ = {isa = PBXBuildFile; fileRef = 993B5F622AFF52DEE95C3821 /* Pods_SuperApp2_SuperApp2UITests.framework */; };
		3358FAE7376D48F3E506F3F6 /* Pods_SuperApp2.framework in Frameworks */ = {isa = PBXBuildFile; fileRef = 517328A6D23267A7D56BC3AC /* Pods_SuperApp2.framework */; };
		3A647DEE2972CD6600725919 /* LikeCardLib.framework in Frameworks */ = {isa = PBXBuildFile; fileRef = 3A647DBD2972CD3600725919 /* LikeCardLib.framework */; platformFilter = ios; };
		3A647DEF2972CD6600725919 /* LikeCardLib.framework in Embed Frameworks */ = {isa = PBXBuildFile; fileRef = 3A647DBD2972CD3600725919 /* LikeCardLib.framework */; settings = {ATTRIBUTES = (CodeSignOnCopy, RemoveHeadersOnCopy, ); }; };
		3A647E0F2972CED500725919 /* MBProgressHUD in Frameworks */ = {isa = PBXBuildFile; fileRef = 3A647E012972CDEF00725919 /* MBProgressHUD */; };
		3A647E102972CED500725919 /* MBProgressHUD in Embed Frameworks */ = {isa = PBXBuildFile; fileRef = 3A647E012972CDEF00725919 /* MBProgressHUD */; settings = {ATTRIBUTES = (CodeSignOnCopy, RemoveHeadersOnCopy, ); }; };
		3A7249B62972CB060033D2BB /* AppDelegate.swift in Sources */ = {isa = PBXBuildFile; fileRef = 3A7249B52972CB060033D2BB /* AppDelegate.swift */; };
		3A7249B82972CB060033D2BB /* SceneDelegate.swift in Sources */ = {isa = PBXBuildFile; fileRef = 3A7249B72972CB060033D2BB /* SceneDelegate.swift */; };
		3A7249BA2972CB060033D2BB /* ViewController.swift in Sources */ = {isa = PBXBuildFile; fileRef = 3A7249B92972CB060033D2BB /* ViewController.swift */; };
		3A7249BD2972CB060033D2BB /* Main.storyboard in Resources */ = {isa = PBXBuildFile; fileRef = 3A7249BB2972CB060033D2BB /* Main.storyboard */; };
		3A7249BF2972CB070033D2BB /* Assets.xcassets in Resources */ = {isa = PBXBuildFile; fileRef = 3A7249BE2972CB070033D2BB /* Assets.xcassets */; };
		3A7249C22972CB070033D2BB /* LaunchScreen.storyboard in Resources */ = {isa = PBXBuildFile; fileRef = 3A7249C02972CB070033D2BB /* LaunchScreen.storyboard */; };
		3A7249CD2972CB070033D2BB /* SuperApp2Tests.swift in Sources */ = {isa = PBXBuildFile; fileRef = 3A7249CC2972CB070033D2BB /* SuperApp2Tests.swift */; };
		3A7249D72972CB070033D2BB /* SuperApp2UITests.swift in Sources */ = {isa = PBXBuildFile; fileRef = 3A7249D62972CB070033D2BB /* SuperApp2UITests.swift */; };
		3A7249D92972CB070033D2BB /* SuperApp2UITestsLaunchTests.swift in Sources */ = {isa = PBXBuildFile; fileRef = 3A7249D82972CB070033D2BB /* SuperApp2UITestsLaunchTests.swift */; };
		8C5F1908F559A8928B25F317 /* Pods_SuperApp2Tests.framework in Frameworks */ = {isa = PBXBuildFile; fileRef = B5A5B27AF423082DD890ADE0 /* Pods_SuperApp2Tests.framework */; };
/* End PBXBuildFile section */

/* Begin PBXContainerItemProxy section */
		3A647DBC2972CD3600725919 /* PBXContainerItemProxy */ = {
			isa = PBXContainerItemProxy;
			containerPortal = 3A647DB42972CD3600725919 /* LikeCardLib.xcodeproj */;
			proxyType = 2;
			remoteGlobalIDString = 3A39862E2972A28F009B25C4;
			remoteInfo = LikeCardLib;
		};
		3A647DBE2972CD3600725919 /* PBXContainerItemProxy */ = {
			isa = PBXContainerItemProxy;
			containerPortal = 3A647DB42972CD3600725919 /* LikeCardLib.xcodeproj */;
			proxyType = 2;
			remoteGlobalIDString = 3A3986362972A28F009B25C4;
			remoteInfo = LikeCardLibTests;
		};
		3A647E002972CDEF00725919 /* PBXContainerItemProxy */ = {
			isa = PBXContainerItemProxy;
			containerPortal = 3A647D7D2972CD3600725919 /* Pods.xcodeproj */;
			proxyType = 2;
			remoteGlobalIDString = 8B8FAB0D627B17EDE1366984278705D9;
			remoteInfo = MBProgressHUD;
		};
		3A647E022972CDEF00725919 /* PBXContainerItemProxy */ = {
			isa = PBXContainerItemProxy;
			containerPortal = 3A647D7D2972CD3600725919 /* Pods.xcodeproj */;
			proxyType = 2;
			remoteGlobalIDString = 90E31C94BA726BD10AB33FD148F479FE;
			remoteInfo = "Pods-LikeCardLib";
		};
		3A647E042972CDEF00725919 /* PBXContainerItemProxy */ = {
			isa = PBXContainerItemProxy;
			containerPortal = 3A647D7D2972CD3600725919 /* Pods.xcodeproj */;
			proxyType = 2;
			remoteGlobalIDString = 9E9540542E66B422D805165FBD914AE2;
			remoteInfo = "Pods-LikeCardLib-LikeCardLibTests";
		};
		3A7249C92972CB070033D2BB /* PBXContainerItemProxy */ = {
			isa = PBXContainerItemProxy;
			containerPortal = 3A7249AA2972CB060033D2BB /* Project object */;
			proxyType = 1;
			remoteGlobalIDString = 3A7249B12972CB060033D2BB;
			remoteInfo = SuperApp2;
		};
		3A7249D32972CB070033D2BB /* PBXContainerItemProxy */ = {
			isa = PBXContainerItemProxy;
			containerPortal = 3A7249AA2972CB060033D2BB /* Project object */;
			proxyType = 1;
			remoteGlobalIDString = 3A7249B12972CB060033D2BB;
			remoteInfo = SuperApp2;
		};
/* End PBXContainerItemProxy section */

/* Begin PBXCopyFilesBuildPhase section */
		3A647C1A2972CC5000725919 /* Embed Frameworks */ = {
			isa = PBXCopyFilesBuildPhase;
			buildActionMask = 2147483647;
			dstPath = "";
			dstSubfolderSpec = 10;
			files = (
				3A647E102972CED500725919 /* MBProgressHUD in Embed Frameworks */,
				3A647DEF2972CD6600725919 /* LikeCardLib.framework in Embed Frameworks */,
			);
			name = "Embed Frameworks";
			runOnlyForDeploymentPostprocessing = 0;
		};
/* End PBXCopyFilesBuildPhase section */

/* Begin PBXFileReference section */
		02018FB27789C44BA0AC2628 /* Pods-SuperApp2.debug.xcconfig */ = {isa = PBXFileReference; includeInIndex = 1; lastKnownFileType = text.xcconfig; name = "Pods-SuperApp2.debug.xcconfig"; path = "Target Support Files/Pods-SuperApp2/Pods-SuperApp2.debug.xcconfig"; sourceTree = "<group>"; };
		33012D627004F3F1BE9DF48F /* Pods-SuperApp2-SuperApp2UITests.release.xcconfig */ = {isa = PBXFileReference; includeInIndex = 1; lastKnownFileType = text.xcconfig; name = "Pods-SuperApp2-SuperApp2UITests.release.xcconfig"; path = "Target Support Files/Pods-SuperApp2-SuperApp2UITests/Pods-SuperApp2-SuperApp2UITests.release.xcconfig"; sourceTree = "<group>"; };
		3A647D7D2972CD3600725919 /* Pods.xcodeproj */ = {isa = PBXFileReference; lastKnownFileType = "wrapper.pb-project"; name = Pods.xcodeproj; path = Pods/Pods.xcodeproj; sourceTree = "<group>"; };
		3A647DB42972CD3600725919 /* LikeCardLib.xcodeproj */ = {isa = PBXFileReference; lastKnownFileType = "wrapper.pb-project"; path = LikeCardLib.xcodeproj; sourceTree = "<group>"; };
		3A647DED2972CD6600725919 /* MBProgressHUD.framework */ = {isa = PBXFileReference; explicitFileType = wrapper.framework; path = MBProgressHUD.framework; sourceTree = BUILT_PRODUCTS_DIR; };
		3A647DF22972CD9500725919 /* MBProgressHUD.framework */ = {isa = PBXFileReference; explicitFileType = wrapper.framework; path = MBProgressHUD.framework; sourceTree = BUILT_PRODUCTS_DIR; };
		3A7249B22972CB060033D2BB /* SuperApp2.app */ = {isa = PBXFileReference; explicitFileType = wrapper.application; includeInIndex = 0; path = SuperApp2.app; sourceTree = BUILT_PRODUCTS_DIR; };
		3A7249B52972CB060033D2BB /* AppDelegate.swift */ = {isa = PBXFileReference; lastKnownFileType = sourcecode.swift; path = AppDelegate.swift; sourceTree = "<group>"; };
		3A7249B72972CB060033D2BB /* SceneDelegate.swift */ = {isa = PBXFileReference; lastKnownFileType = sourcecode.swift; path = SceneDelegate.swift; sourceTree = "<group>"; };
		3A7249B92972CB060033D2BB /* ViewController.swift */ = {isa = PBXFileReference; lastKnownFileType = sourcecode.swift; path = ViewController.swift; sourceTree = "<group>"; };
		3A7249BC2972CB060033D2BB /* Base */ = {isa = PBXFileReference; lastKnownFileType = file.storyboard; name = Base; path = Base.lproj/Main.storyboard; sourceTree = "<group>"; };
		3A7249BE2972CB070033D2BB /* Assets.xcassets */ = {isa = PBXFileReference; lastKnownFileType = folder.assetcatalog; path = Assets.xcassets; sourceTree = "<group>"; };
		3A7249C12972CB070033D2BB /* Base */ = {isa = PBXFileReference; lastKnownFileType = file.storyboard; name = Base; path = Base.lproj/LaunchScreen.storyboard; sourceTree = "<group>"; };
		3A7249C32972CB070033D2BB /* Info.plist */ = {isa = PBXFileReference; lastKnownFileType = text.plist.xml; path = Info.plist; sourceTree = "<group>"; };
		3A7249C82972CB070033D2BB /* SuperApp2Tests.xctest */ = {isa = PBXFileReference; explicitFileType = wrapper.cfbundle; includeInIndex = 0; path = SuperApp2Tests.xctest; sourceTree = BUILT_PRODUCTS_DIR; };
		3A7249CC2972CB070033D2BB /* SuperApp2Tests.swift */ = {isa = PBXFileReference; lastKnownFileType = sourcecode.swift; path = SuperApp2Tests.swift; sourceTree = "<group>"; };
		3A7249D22972CB070033D2BB /* SuperApp2UITests.xctest */ = {isa = PBXFileReference; explicitFileType = wrapper.cfbundle; includeInIndex = 0; path = SuperApp2UITests.xctest; sourceTree = BUILT_PRODUCTS_DIR; };
		3A7249D62972CB070033D2BB /* SuperApp2UITests.swift */ = {isa = PBXFileReference; lastKnownFileType = sourcecode.swift; path = SuperApp2UITests.swift; sourceTree = "<group>"; };
		3A7249D82972CB070033D2BB /* SuperApp2UITestsLaunchTests.swift */ = {isa = PBXFileReference; lastKnownFileType = sourcecode.swift; path = SuperApp2UITestsLaunchTests.swift; sourceTree = "<group>"; };
		517328A6D23267A7D56BC3AC /* Pods_SuperApp2.framework */ = {isa = PBXFileReference; explicitFileType = wrapper.framework; includeInIndex = 0; path = Pods_SuperApp2.framework; sourceTree = BUILT_PRODUCTS_DIR; };
		78B057438FEB6CAA52AE185E /* Pods-SuperApp2.release.xcconfig */ = {isa = PBXFileReference; includeInIndex = 1; lastKnownFileType = text.xcconfig; name = "Pods-SuperApp2.release.xcconfig"; path = "Target Support Files/Pods-SuperApp2/Pods-SuperApp2.release.xcconfig"; sourceTree = "<group>"; };
		993B5F622AFF52DEE95C3821 /* Pods_SuperApp2_SuperApp2UITests.framework */ = {isa = PBXFileReference; explicitFileType = wrapper.framework; includeInIndex = 0; path = Pods_SuperApp2_SuperApp2UITests.framework; sourceTree = BUILT_PRODUCTS_DIR; };
		B5A5B27AF423082DD890ADE0 /* Pods_SuperApp2Tests.framework */ = {isa = PBXFileReference; explicitFileType = wrapper.framework; includeInIndex = 0; path = Pods_SuperApp2Tests.framework; sourceTree = BUILT_PRODUCTS_DIR; };
		DA9D61BC936786310A301AB2 /* Pods-SuperApp2Tests.debug.xcconfig */ = {isa = PBXFileReference; includeInIndex = 1; lastKnownFileType = text.xcconfig; name = "Pods-SuperApp2Tests.debug.xcconfig"; path = "Target Support Files/Pods-SuperApp2Tests/Pods-SuperApp2Tests.debug.xcconfig"; sourceTree = "<group>"; };
		EA0A6CBBBEF4F08D32851D94 /* Pods-SuperApp2Tests.release.xcconfig */ = {isa = PBXFileReference; includeInIndex = 1; lastKnownFileType = text.xcconfig; name = "Pods-SuperApp2Tests.release.xcconfig"; path = "Target Support Files/Pods-SuperApp2Tests/Pods-SuperApp2Tests.release.xcconfig"; sourceTree = "<group>"; };
		F3868EA3F69D5050CD4D9878 /* Pods-SuperApp2-SuperApp2UITests.debug.xcconfig */ = {isa = PBXFileReference; includeInIndex = 1; lastKnownFileType = text.xcconfig; name = "Pods-SuperApp2-SuperApp2UITests.debug.xcconfig"; path = "Target Support Files/Pods-SuperApp2-SuperApp2UITests/Pods-SuperApp2-SuperApp2UITests.debug.xcconfig"; sourceTree = "<group>"; };
/* End PBXFileReference section */

/* Begin PBXFrameworksBuildPhase section */
		3A7249AF2972CB060033D2BB /* Frameworks */ = {
			isa = PBXFrameworksBuildPhase;
			buildActionMask = 2147483647;
			files = (
				3A647E0F2972CED500725919 /* MBProgressHUD in Frameworks */,
				3A647DEE2972CD6600725919 /* LikeCardLib.framework in Frameworks */,
				3358FAE7376D48F3E506F3F6 /* Pods_SuperApp2.framework in Frameworks */,
			);
			runOnlyForDeploymentPostprocessing = 0;
		};
		3A7249C52972CB070033D2BB /* Frameworks */ = {
			isa = PBXFrameworksBuildPhase;
			buildActionMask = 2147483647;
			files = (
				8C5F1908F559A8928B25F317 /* Pods_SuperApp2Tests.framework in Frameworks */,
			);
			runOnlyForDeploymentPostprocessing = 0;
		};
		3A7249CF2972CB070033D2BB /* Frameworks */ = {
			isa = PBXFrameworksBuildPhase;
			buildActionMask = 2147483647;
			files = (
				1F575CADAA66090C990A2075 /* Pods_SuperApp2_SuperApp2UITests.framework in Frameworks */,
			);
			runOnlyForDeploymentPostprocessing = 0;
		};
/* End PBXFrameworksBuildPhase section */

/* Begin PBXGroup section */
		3A647C152972CC5000725919 /* Frameworks */ = {
			isa = PBXGroup;
			children = (
				3A647DF22972CD9500725919 /* MBProgressHUD.framework */,
				3A647DED2972CD6600725919 /* MBProgressHUD.framework */,
				517328A6D23267A7D56BC3AC /* Pods_SuperApp2.framework */,
				993B5F622AFF52DEE95C3821 /* Pods_SuperApp2_SuperApp2UITests.framework */,
				B5A5B27AF423082DD890ADE0 /* Pods_SuperApp2Tests.framework */,
			);
			name = Frameworks;
			sourceTree = "<group>";
		};
		3A647D792972CD3600725919 /* LikeCardLib */ = {
			isa = PBXGroup;
			children = (
				3A647D7D2972CD3600725919 /* Pods.xcodeproj */,
				3A647DB42972CD3600725919 /* LikeCardLib.xcodeproj */,
			);
			path = LikeCardLib;
			sourceTree = "<group>";
		};
		3A647DB52972CD3600725919 /* Products */ = {
			isa = PBXGroup;
			children = (
				3A647DBD2972CD3600725919 /* LikeCardLib.framework */,
				3A647DBF2972CD3600725919 /* LikeCardLibTests.xctest */,
			);
			name = Products;
			sourceTree = "<group>";
		};
		3A647DF92972CDEF00725919 /* Products */ = {
			isa = PBXGroup;
			children = (
				3A647E012972CDEF00725919 /* MBProgressHUD */,
				3A647E032972CDEF00725919 /* Pods-LikeCardLib */,
				3A647E052972CDEF00725919 /* Pods-LikeCardLib-LikeCardLibTests */,
			);
			name = Products;
			sourceTree = "<group>";
		};
		3A7249A92972CB060033D2BB = {
			isa = PBXGroup;
			children = (
				3A647D792972CD3600725919 /* LikeCardLib */,
				3A7249B42972CB060033D2BB /* SuperApp2 */,
				3A7249CB2972CB070033D2BB /* SuperApp2Tests */,
				3A7249D52972CB070033D2BB /* SuperApp2UITests */,
				3A7249B32972CB060033D2BB /* Products */,
				3A647C152972CC5000725919 /* Frameworks */,
				C7E642127034B726FAEA0D09 /* Pods */,
			);
			sourceTree = "<group>";
		};
		3A7249B32972CB060033D2BB /* Products */ = {
			isa = PBXGroup;
			children = (
				3A7249B22972CB060033D2BB /* SuperApp2.app */,
				3A7249C82972CB070033D2BB /* SuperApp2Tests.xctest */,
				3A7249D22972CB070033D2BB /* SuperApp2UITests.xctest */,
			);
			name = Products;
			sourceTree = "<group>";
		};
		3A7249B42972CB060033D2BB /* SuperApp2 */ = {
			isa = PBXGroup;
			children = (
				3A7249B52972CB060033D2BB /* AppDelegate.swift */,
				3A7249B72972CB060033D2BB /* SceneDelegate.swift */,
				3A7249B92972CB060033D2BB /* ViewController.swift */,
				3A7249BB2972CB060033D2BB /* Main.storyboard */,
				3A7249BE2972CB070033D2BB /* Assets.xcassets */,
				3A7249C02972CB070033D2BB /* LaunchScreen.storyboard */,
				3A7249C32972CB070033D2BB /* Info.plist */,
			);
			path = SuperApp2;
			sourceTree = "<group>";
		};
		3A7249CB2972CB070033D2BB /* SuperApp2Tests */ = {
			isa = PBXGroup;
			children = (
				3A7249CC2972CB070033D2BB /* SuperApp2Tests.swift */,
			);
			path = SuperApp2Tests;
			sourceTree = "<group>";
		};
		3A7249D52972CB070033D2BB /* SuperApp2UITests */ = {
			isa = PBXGroup;
			children = (
				3A7249D62972CB070033D2BB /* SuperApp2UITests.swift */,
				3A7249D82972CB070033D2BB /* SuperApp2UITestsLaunchTests.swift */,
			);
			path = SuperApp2UITests;
			sourceTree = "<group>";
		};
		C7E642127034B726FAEA0D09 /* Pods */ = {
			isa = PBXGroup;
			children = (
				02018FB27789C44BA0AC2628 /* Pods-SuperApp2.debug.xcconfig */,
				78B057438FEB6CAA52AE185E /* Pods-SuperApp2.release.xcconfig */,
				F3868EA3F69D5050CD4D9878 /* Pods-SuperApp2-SuperApp2UITests.debug.xcconfig */,
				33012D627004F3F1BE9DF48F /* Pods-SuperApp2-SuperApp2UITests.release.xcconfig */,
				DA9D61BC936786310A301AB2 /* Pods-SuperApp2Tests.debug.xcconfig */,
				EA0A6CBBBEF4F08D32851D94 /* Pods-SuperApp2Tests.release.xcconfig */,
			);
			path = Pods;
			sourceTree = "<group>";
		};
/* End PBXGroup section */

/* Begin PBXNativeTarget section */
		3A7249B12972CB060033D2BB /* SuperApp2 */ = {
			isa = PBXNativeTarget;
			buildConfigurationList = 3A7249DC2972CB070033D2BB /* Build configuration list for PBXNativeTarget "SuperApp2" */;
			buildPhases = (
				D9AF6182BAF6813817AC60A7 /* [CP] Check Pods Manifest.lock */,
				3A7249AE2972CB060033D2BB /* Sources */,
				3A7249AF2972CB060033D2BB /* Frameworks */,
				3A7249B02972CB060033D2BB /* Resources */,
				3A647C1A2972CC5000725919 /* Embed Frameworks */,
			);
			buildRules = (
			);
			dependencies = (
			);
			name = SuperApp2;
			productName = SuperApp2;
			productReference = 3A7249B22972CB060033D2BB /* SuperApp2.app */;
			productType = "com.apple.product-type.application";
		};
		3A7249C72972CB070033D2BB /* SuperApp2Tests */ = {
			isa = PBXNativeTarget;
			buildConfigurationList = 3A7249DF2972CB070033D2BB /* Build configuration list for PBXNativeTarget "SuperApp2Tests" */;
			buildPhases = (
				C3474C1062041EB55016A3DF /* [CP] Check Pods Manifest.lock */,
				3A7249C42972CB070033D2BB /* Sources */,
				3A7249C52972CB070033D2BB /* Frameworks */,
				3A7249C62972CB070033D2BB /* Resources */,
			);
			buildRules = (
			);
			dependencies = (
				3A7249CA2972CB070033D2BB /* PBXTargetDependency */,
			);
			name = SuperApp2Tests;
			productName = SuperApp2Tests;
			productReference = 3A7249C82972CB070033D2BB /* SuperApp2Tests.xctest */;
			productType = "com.apple.product-type.bundle.unit-test";
		};
		3A7249D12972CB070033D2BB /* SuperApp2UITests */ = {
			isa = PBXNativeTarget;
			buildConfigurationList = 3A7249E22972CB070033D2BB /* Build configuration list for PBXNativeTarget "SuperApp2UITests" */;
			buildPhases = (
				E2EFD0F389FD49928257CB1D /* [CP] Check Pods Manifest.lock */,
				3A7249CE2972CB070033D2BB /* Sources */,
				3A7249CF2972CB070033D2BB /* Frameworks */,
				3A7249D02972CB070033D2BB /* Resources */,
			);
			buildRules = (
			);
			dependencies = (
				3A7249D42972CB070033D2BB /* PBXTargetDependency */,
			);
			name = SuperApp2UITests;
			productName = SuperApp2UITests;
			productReference = 3A7249D22972CB070033D2BB /* SuperApp2UITests.xctest */;
			productType = "com.apple.product-type.bundle.ui-testing";
		};
/* End PBXNativeTarget section */

/* Begin PBXProject section */
		3A7249AA2972CB060033D2BB /* Project object */ = {
			isa = PBXProject;
			attributes = {
				BuildIndependentTargetsInParallel = 1;
				LastSwiftUpdateCheck = 1340;
				LastUpgradeCheck = 1340;
				TargetAttributes = {
					3A7249B12972CB060033D2BB = {
						CreatedOnToolsVersion = 13.4;
					};
					3A7249C72972CB070033D2BB = {
						CreatedOnToolsVersion = 13.4;
						TestTargetID = 3A7249B12972CB060033D2BB;
					};
					3A7249D12972CB070033D2BB = {
						CreatedOnToolsVersion = 13.4;
						TestTargetID = 3A7249B12972CB060033D2BB;
					};
				};
			};
			buildConfigurationList = 3A7249AD2972CB060033D2BB /* Build configuration list for PBXProject "SuperApp2" */;
			compatibilityVersion = "Xcode 13.0";
			developmentRegion = en;
			hasScannedForEncodings = 0;
			knownRegions = (
				en,
				Base,
			);
			mainGroup = 3A7249A92972CB060033D2BB;
			productRefGroup = 3A7249B32972CB060033D2BB /* Products */;
			projectDirPath = "";
			projectReferences = (
				{
					ProductGroup = 3A647DB52972CD3600725919 /* Products */;
					ProjectRef = 3A647DB42972CD3600725919 /* LikeCardLib.xcodeproj */;
				},
				{
					ProductGroup = 3A647DF92972CDEF00725919 /* Products */;
					ProjectRef = 3A647D7D2972CD3600725919 /* Pods.xcodeproj */;
				},
			);
			projectRoot = "";
			targets = (
				3A7249B12972CB060033D2BB /* SuperApp2 */,
				3A7249C72972CB070033D2BB /* SuperApp2Tests */,
				3A7249D12972CB070033D2BB /* SuperApp2UITests */,
			);
		};
/* End PBXProject section */

/* Begin PBXReferenceProxy section */
		3A647DBD2972CD3600725919 /* LikeCardLib.framework */ = {
			isa = PBXReferenceProxy;
			fileType = wrapper.framework;
			path = LikeCardLib.framework;
			remoteRef = 3A647DBC2972CD3600725919 /* PBXContainerItemProxy */;
			sourceTree = BUILT_PRODUCTS_DIR;
		};
		3A647DBF2972CD3600725919 /* LikeCardLibTests.xctest */ = {
			isa = PBXReferenceProxy;
			fileType = wrapper.cfbundle;
			path = LikeCardLibTests.xctest;
			remoteRef = 3A647DBE2972CD3600725919 /* PBXContainerItemProxy */;
			sourceTree = BUILT_PRODUCTS_DIR;
		};
		3A647E012972CDEF00725919 /* MBProgressHUD */ = {
			isa = PBXReferenceProxy;
			fileType = wrapper.framework;
			name = MBProgressHUD;
			path = MBProgressHUD.framework;
			remoteRef = 3A647E002972CDEF00725919 /* PBXContainerItemProxy */;
			sourceTree = BUILT_PRODUCTS_DIR;
		};
		3A647E032972CDEF00725919 /* Pods-LikeCardLib */ = {
			isa = PBXReferenceProxy;
			fileType = wrapper.framework;
			name = "Pods-LikeCardLib";
			path = Pods_LikeCardLib.framework;
			remoteRef = 3A647E022972CDEF00725919 /* PBXContainerItemProxy */;
			sourceTree = BUILT_PRODUCTS_DIR;
		};
		3A647E052972CDEF00725919 /* Pods-LikeCardLib-LikeCardLibTests */ = {
			isa = PBXReferenceProxy;
			fileType = wrapper.framework;
			name = "Pods-LikeCardLib-LikeCardLibTests";
			path = Pods_LikeCardLib_LikeCardLibTests.framework;
			remoteRef = 3A647E042972CDEF00725919 /* PBXContainerItemProxy */;
			sourceTree = BUILT_PRODUCTS_DIR;
		};
/* End PBXReferenceProxy section */

/* Begin PBXResourcesBuildPhase section */
		3A7249B02972CB060033D2BB /* Resources */ = {
			isa = PBXResourcesBuildPhase;
			buildActionMask = 2147483647;
			files = (
				3A7249C22972CB070033D2BB /* LaunchScreen.storyboard in Resources */,
				3A7249BF2972CB070033D2BB /* Assets.xcassets in Resources */,
				3A7249BD2972CB060033D2BB /* Main.storyboard in Resources */,
			);
			runOnlyForDeploymentPostprocessing = 0;
		};
		3A7249C62972CB070033D2BB /* Resources */ = {
			isa = PBXResourcesBuildPhase;
			buildActionMask = 2147483647;
			files = (
			);
			runOnlyForDeploymentPostprocessing = 0;
		};
		3A7249D02972CB070033D2BB /* Resources */ = {
			isa = PBXResourcesBuildPhase;
			buildActionMask = 2147483647;
			files = (
			);
			runOnlyForDeploymentPostprocessing = 0;
		};
/* End PBXResourcesBuildPhase section */

/* Begin PBXShellScriptBuildPhase section */
		C3474C1062041EB55016A3DF /* [CP] Check Pods Manifest.lock */ = {
			isa = PBXShellScriptBuildPhase;
			buildActionMask = 2147483647;
			files = (
			);
			inputFileListPaths = (
			);
			inputPaths = (
				"${PODS_PODFILE_DIR_PATH}/Podfile.lock",
				"${PODS_ROOT}/Manifest.lock",
			);
			name = "[CP] Check Pods Manifest.lock";
			outputFileListPaths = (
			);
			outputPaths = (
				"$(DERIVED_FILE_DIR)/Pods-SuperApp2Tests-checkManifestLockResult.txt",
			);
			runOnlyForDeploymentPostprocessing = 0;
			shellPath = /bin/sh;
			shellScript = "diff \"${PODS_PODFILE_DIR_PATH}/Podfile.lock\" \"${PODS_ROOT}/Manifest.lock\" > /dev/null\nif [ $? != 0 ] ; then\n    # print error to STDERR\n    echo \"error: The sandbox is not in sync with the Podfile.lock. Run 'pod install' or update your CocoaPods installation.\" >&2\n    exit 1\nfi\n# This output is used by Xcode 'outputs' to avoid re-running this script phase.\necho \"SUCCESS\" > \"${SCRIPT_OUTPUT_FILE_0}\"\n";
			showEnvVarsInLog = 0;
		};
		D9AF6182BAF6813817AC60A7 /* [CP] Check Pods Manifest.lock */ = {
			isa = PBXShellScriptBuildPhase;
			buildActionMask = 2147483647;
			files = (
			);
			inputFileListPaths = (
			);
			inputPaths = (
				"${PODS_PODFILE_DIR_PATH}/Podfile.lock",
				"${PODS_ROOT}/Manifest.lock",
			);
			name = "[CP] Check Pods Manifest.lock";
			outputFileListPaths = (
			);
			outputPaths = (
				"$(DERIVED_FILE_DIR)/Pods-SuperApp2-checkManifestLockResult.txt",
			);
			runOnlyForDeploymentPostprocessing = 0;
			shellPath = /bin/sh;
			shellScript = "diff \"${PODS_PODFILE_DIR_PATH}/Podfile.lock\" \"${PODS_ROOT}/Manifest.lock\" > /dev/null\nif [ $? != 0 ] ; then\n    # print error to STDERR\n    echo \"error: The sandbox is not in sync with the Podfile.lock. Run 'pod install' or update your CocoaPods installation.\" >&2\n    exit 1\nfi\n# This output is used by Xcode 'outputs' to avoid re-running this script phase.\necho \"SUCCESS\" > \"${SCRIPT_OUTPUT_FILE_0}\"\n";
			showEnvVarsInLog = 0;
		};
		E2EFD0F389FD49928257CB1D /* [CP] Check Pods Manifest.lock */ = {
			isa = PBXShellScriptBuildPhase;
			buildActionMask = 2147483647;
			files = (
			);
			inputFileListPaths = (
			);
			inputPaths = (
				"${PODS_PODFILE_DIR_PATH}/Podfile.lock",
				"${PODS_ROOT}/Manifest.lock",
			);
			name = "[CP] Check Pods Manifest.lock";
			outputFileListPaths = (
			);
			outputPaths = (
				"$(DERIVED_FILE_DIR)/Pods-SuperApp2-SuperApp2UITests-checkManifestLockResult.txt",
			);
			runOnlyForDeploymentPostprocessing = 0;
			shellPath = /bin/sh;
			shellScript = "diff \"${PODS_PODFILE_DIR_PATH}/Podfile.lock\" \"${PODS_ROOT}/Manifest.lock\" > /dev/null\nif [ $? != 0 ] ; then\n    # print error to STDERR\n    echo \"error: The sandbox is not in sync with the Podfile.lock. Run 'pod install' or update your CocoaPods installation.\" >&2\n    exit 1\nfi\n# This output is used by Xcode 'outputs' to avoid re-running this script phase.\necho \"SUCCESS\" > \"${SCRIPT_OUTPUT_FILE_0}\"\n";
			showEnvVarsInLog = 0;
		};
/* End PBXShellScriptBuildPhase section */

/* Begin PBXSourcesBuildPhase section */
		3A7249AE2972CB060033D2BB /* Sources */ = {
			isa = PBXSourcesBuildPhase;
			buildActionMask = 2147483647;
			files = (
				3A7249BA2972CB060033D2BB /* ViewController.swift in Sources */,
				3A7249B62972CB060033D2BB /* AppDelegate.swift in Sources */,
				3A7249B82972CB060033D2BB /* SceneDelegate.swift in Sources */,
			);
			runOnlyForDeploymentPostprocessing = 0;
		};
		3A7249C42972CB070033D2BB /* Sources */ = {
			isa = PBXSourcesBuildPhase;
			buildActionMask = 2147483647;
			files = (
				3A7249CD2972CB070033D2BB /* SuperApp2Tests.swift in Sources */,
			);
			runOnlyForDeploymentPostprocessing = 0;
		};
		3A7249CE2972CB070033D2BB /* Sources */ = {
			isa = PBXSourcesBuildPhase;
			buildActionMask = 2147483647;
			files = (
				3A7249D72972CB070033D2BB /* SuperApp2UITests.swift in Sources */,
				3A7249D92972CB070033D2BB /* SuperApp2UITestsLaunchTests.swift in Sources */,
			);
			runOnlyForDeploymentPostprocessing = 0;
		};
/* End PBXSourcesBuildPhase section */

/* Begin PBXTargetDependency section */
		3A7249CA2972CB070033D2BB /* PBXTargetDependency */ = {
			isa = PBXTargetDependency;
			target = 3A7249B12972CB060033D2BB /* SuperApp2 */;
			targetProxy = 3A7249C92972CB070033D2BB /* PBXContainerItemProxy */;
		};
		3A7249D42972CB070033D2BB /* PBXTargetDependency */ = {
			isa = PBXTargetDependency;
			target = 3A7249B12972CB060033D2BB /* SuperApp2 */;
			targetProxy = 3A7249D32972CB070033D2BB /* PBXContainerItemProxy */;
		};
/* End PBXTargetDependency section */

/* Begin PBXVariantGroup section */
		3A7249BB2972CB060033D2BB /* Main.storyboard */ = {
			isa = PBXVariantGroup;
			children = (
				3A7249BC2972CB060033D2BB /* Base */,
			);
			name = Main.storyboard;
			sourceTree = "<group>";
		};
		3A7249C02972CB070033D2BB /* LaunchScreen.storyboard */ = {
			isa = PBXVariantGroup;
			children = (
				3A7249C12972CB070033D2BB /* Base */,
			);
			name = LaunchScreen.storyboard;
			sourceTree = "<group>";
		};
/* End PBXVariantGroup section */

/* Begin XCBuildConfiguration section */
		3A7249DA2972CB070033D2BB /* Debug */ = {
			isa = XCBuildConfiguration;
			buildSettings = {
				ALWAYS_SEARCH_USER_PATHS = NO;
				CLANG_ANALYZER_NONNULL = YES;
				CLANG_ANALYZER_NUMBER_OBJECT_CONVERSION = YES_AGGRESSIVE;
				CLANG_CXX_LANGUAGE_STANDARD = "gnu++17";
				CLANG_ENABLE_MODULES = YES;
				CLANG_ENABLE_OBJC_ARC = YES;
				CLANG_ENABLE_OBJC_WEAK = YES;
				CLANG_WARN_BLOCK_CAPTURE_AUTORELEASING = YES;
				CLANG_WARN_BOOL_CONVERSION = YES;
				CLANG_WARN_COMMA = YES;
				CLANG_WARN_CONSTANT_CONVERSION = YES;
				CLANG_WARN_DEPRECATED_OBJC_IMPLEMENTATIONS = YES;
				CLANG_WARN_DIRECT_OBJC_ISA_USAGE = YES_ERROR;
				CLANG_WARN_DOCUMENTATION_COMMENTS = YES;
				CLANG_WARN_EMPTY_BODY = YES;
				CLANG_WARN_ENUM_CONVERSION = YES;
				CLANG_WARN_INFINITE_RECURSION = YES;
				CLANG_WARN_INT_CONVERSION = YES;
				CLANG_WARN_NON_LITERAL_NULL_CONVERSION = YES;
				CLANG_WARN_OBJC_IMPLICIT_RETAIN_SELF = YES;
				CLANG_WARN_OBJC_LITERAL_CONVERSION = YES;
				CLANG_WARN_OBJC_ROOT_CLASS = YES_ERROR;
				CLANG_WARN_QUOTED_INCLUDE_IN_FRAMEWORK_HEADER = YES;
				CLANG_WARN_RANGE_LOOP_ANALYSIS = YES;
				CLANG_WARN_STRICT_PROTOTYPES = YES;
				CLANG_WARN_SUSPICIOUS_MOVE = YES;
				CLANG_WARN_UNGUARDED_AVAILABILITY = YES_AGGRESSIVE;
				CLANG_WARN_UNREACHABLE_CODE = YES;
				CLANG_WARN__DUPLICATE_METHOD_MATCH = YES;
				COPY_PHASE_STRIP = NO;
				DEBUG_INFORMATION_FORMAT = dwarf;
				ENABLE_STRICT_OBJC_MSGSEND = YES;
				ENABLE_TESTABILITY = YES;
				GCC_C_LANGUAGE_STANDARD = gnu11;
				GCC_DYNAMIC_NO_PIC = NO;
				GCC_NO_COMMON_BLOCKS = YES;
				GCC_OPTIMIZATION_LEVEL = 0;
				GCC_PREPROCESSOR_DEFINITIONS = (
					"DEBUG=1",
					"$(inherited)",
				);
				GCC_WARN_64_TO_32_BIT_CONVERSION = YES;
				GCC_WARN_ABOUT_RETURN_TYPE = YES_ERROR;
				GCC_WARN_UNDECLARED_SELECTOR = YES;
				GCC_WARN_UNINITIALIZED_AUTOS = YES_AGGRESSIVE;
				GCC_WARN_UNUSED_FUNCTION = YES;
				GCC_WARN_UNUSED_VARIABLE = YES;
				IPHONEOS_DEPLOYMENT_TARGET = 15.5;
				MTL_ENABLE_DEBUG_INFO = INCLUDE_SOURCE;
				MTL_FAST_MATH = YES;
				ONLY_ACTIVE_ARCH = YES;
				SDKROOT = iphoneos;
				SWIFT_ACTIVE_COMPILATION_CONDITIONS = DEBUG;
				SWIFT_OPTIMIZATION_LEVEL = "-Onone";
			};
			name = Debug;
		};
		3A7249DB2972CB070033D2BB /* Release */ = {
			isa = XCBuildConfiguration;
			buildSettings = {
				ALWAYS_SEARCH_USER_PATHS = NO;
				CLANG_ANALYZER_NONNULL = YES;
				CLANG_ANALYZER_NUMBER_OBJECT_CONVERSION = YES_AGGRESSIVE;
				CLANG_CXX_LANGUAGE_STANDARD = "gnu++17";
				CLANG_ENABLE_MODULES = YES;
				CLANG_ENABLE_OBJC_ARC = YES;
				CLANG_ENABLE_OBJC_WEAK = YES;
				CLANG_WARN_BLOCK_CAPTURE_AUTORELEASING = YES;
				CLANG_WARN_BOOL_CONVERSION = YES;
				CLANG_WARN_COMMA = YES;
				CLANG_WARN_CONSTANT_CONVERSION = YES;
				CLANG_WARN_DEPRECATED_OBJC_IMPLEMENTATIONS = YES;
				CLANG_WARN_DIRECT_OBJC_ISA_USAGE = YES_ERROR;
				CLANG_WARN_DOCUMENTATION_COMMENTS = YES;
				CLANG_WARN_EMPTY_BODY = YES;
				CLANG_WARN_ENUM_CONVERSION = YES;
				CLANG_WARN_INFINITE_RECURSION = YES;
				CLANG_WARN_INT_CONVERSION = YES;
				CLANG_WARN_NON_LITERAL_NULL_CONVERSION = YES;
				CLANG_WARN_OBJC_IMPLICIT_RETAIN_SELF = YES;
				CLANG_WARN_OBJC_LITERAL_CONVERSION = YES;
				CLANG_WARN_OBJC_ROOT_CLASS = YES_ERROR;
				CLANG_WARN_QUOTED_INCLUDE_IN_FRAMEWORK_HEADER = YES;
				CLANG_WARN_RANGE_LOOP_ANALYSIS = YES;
				CLANG_WARN_STRICT_PROTOTYPES = YES;
				CLANG_WARN_SUSPICIOUS_MOVE = YES;
				CLANG_WARN_UNGUARDED_AVAILABILITY = YES_AGGRESSIVE;
				CLANG_WARN_UNREACHABLE_CODE = YES;
				CLANG_WARN__DUPLICATE_METHOD_MATCH = YES;
				COPY_PHASE_STRIP = NO;
				DEBUG_INFORMATION_FORMAT = "dwarf-with-dsym";
				ENABLE_NS_ASSERTIONS = NO;
				ENABLE_STRICT_OBJC_MSGSEND = YES;
				GCC_C_LANGUAGE_STANDARD = gnu11;
				GCC_NO_COMMON_BLOCKS = YES;
				GCC_WARN_64_TO_32_BIT_CONVERSION = YES;
				GCC_WARN_ABOUT_RETURN_TYPE = YES_ERROR;
				GCC_WARN_UNDECLARED_SELECTOR = YES;
				GCC_WARN_UNINITIALIZED_AUTOS = YES_AGGRESSIVE;
				GCC_WARN_UNUSED_FUNCTION = YES;
				GCC_WARN_UNUSED_VARIABLE = YES;
				IPHONEOS_DEPLOYMENT_TARGET = 15.5;
				MTL_ENABLE_DEBUG_INFO = NO;
				MTL_FAST_MATH = YES;
				SDKROOT = iphoneos;
				SWIFT_COMPILATION_MODE = wholemodule;
				SWIFT_OPTIMIZATION_LEVEL = "-O";
				VALIDATE_PRODUCT = YES;
			};
			name = Release;
		};
		3A7249DD2972CB070033D2BB /* Debug */ = {
			isa = XCBuildConfiguration;
			baseConfigurationReference = 02018FB27789C44BA0AC2628 /* Pods-SuperApp2.debug.xcconfig */;
			buildSettings = {
				ASSETCATALOG_COMPILER_APPICON_NAME = AppIcon;
				ASSETCATALOG_COMPILER_GLOBAL_ACCENT_COLOR_NAME = AccentColor;
				CODE_SIGN_STYLE = Automatic;
				CURRENT_PROJECT_VERSION = 1;
				GENERATE_INFOPLIST_FILE = YES;
				INFOPLIST_FILE = SuperApp2/Info.plist;
				INFOPLIST_KEY_UIApplicationSupportsIndirectInputEvents = YES;
				INFOPLIST_KEY_UILaunchStoryboardName = LaunchScreen;
				INFOPLIST_KEY_UIMainStoryboardFile = Main;
				INFOPLIST_KEY_UISupportedInterfaceOrientations_iPad = "UIInterfaceOrientationPortrait UIInterfaceOrientationPortraitUpsideDown UIInterfaceOrientationLandscapeLeft UIInterfaceOrientationLandscapeRight";
				INFOPLIST_KEY_UISupportedInterfaceOrientations_iPhone = "UIInterfaceOrientationPortrait UIInterfaceOrientationLandscapeLeft UIInterfaceOrientationLandscapeRight";
				LD_RUNPATH_SEARCH_PATHS = (
					"$(inherited)",
					"@executable_path/Frameworks",
				);
				MARKETING_VERSION = 1.0;
				PRODUCT_BUNDLE_IDENTIFIER = LikCard.SuperApp2;
				PRODUCT_NAME = "$(TARGET_NAME)";
				SWIFT_EMIT_LOC_STRINGS = YES;
				SWIFT_VERSION = 5.0;
				TARGETED_DEVICE_FAMILY = "1,2";
			};
			name = Debug;
		};
		3A7249DE2972CB070033D2BB /* Release */ = {
			isa = XCBuildConfiguration;
			baseConfigurationReference = 78B057438FEB6CAA52AE185E /* Pods-SuperApp2.release.xcconfig */;
			buildSettings = {
				ASSETCATALOG_COMPILER_APPICON_NAME = AppIcon;
				ASSETCATALOG_COMPILER_GLOBAL_ACCENT_COLOR_NAME = AccentColor;
				CODE_SIGN_STYLE = Automatic;
				CURRENT_PROJECT_VERSION = 1;
				GENERATE_INFOPLIST_FILE = YES;
				INFOPLIST_FILE = SuperApp2/Info.plist;
				INFOPLIST_KEY_UIApplicationSupportsIndirectInputEvents = YES;
				INFOPLIST_KEY_UILaunchStoryboardName = LaunchScreen;
				INFOPLIST_KEY_UIMainStoryboardFile = Main;
				INFOPLIST_KEY_UISupportedInterfaceOrientations_iPad = "UIInterfaceOrientationPortrait UIInterfaceOrientationPortraitUpsideDown UIInterfaceOrientationLandscapeLeft UIInterfaceOrientationLandscapeRight";
				INFOPLIST_KEY_UISupportedInterfaceOrientations_iPhone = "UIInterfaceOrientationPortrait UIInterfaceOrientationLandscapeLeft UIInterfaceOrientationLandscapeRight";
				LD_RUNPATH_SEARCH_PATHS = (
					"$(inherited)",
					"@executable_path/Frameworks",
				);
				MARKETING_VERSION = 1.0;
				PRODUCT_BUNDLE_IDENTIFIER = LikCard.SuperApp2;
				PRODUCT_NAME = "$(TARGET_NAME)";
				SWIFT_EMIT_LOC_STRINGS = YES;
				SWIFT_VERSION = 5.0;
				TARGETED_DEVICE_FAMILY = "1,2";
			};
			name = Release;
		};
		3A7249E02972CB070033D2BB /* Debug */ = {
			isa = XCBuildConfiguration;
			baseConfigurationReference = DA9D61BC936786310A301AB2 /* Pods-SuperApp2Tests.debug.xcconfig */;
			buildSettings = {
				ALWAYS_EMBED_SWIFT_STANDARD_LIBRARIES = YES;
				BUNDLE_LOADER = "$(TEST_HOST)";
				CODE_SIGN_STYLE = Automatic;
				CURRENT_PROJECT_VERSION = 1;
				GENERATE_INFOPLIST_FILE = YES;
				IPHONEOS_DEPLOYMENT_TARGET = 15.5;
				MARKETING_VERSION = 1.0;
				PRODUCT_BUNDLE_IDENTIFIER = LikCard.SuperApp2Tests;
				PRODUCT_NAME = "$(TARGET_NAME)";
				SWIFT_EMIT_LOC_STRINGS = NO;
				SWIFT_VERSION = 5.0;
				TARGETED_DEVICE_FAMILY = "1,2";
				TEST_HOST = "$(BUILT_PRODUCTS_DIR)/SuperApp2.app/SuperApp2";
			};
			name = Debug;
		};
		3A7249E12972CB070033D2BB /* Release */ = {
			isa = XCBuildConfiguration;
			baseConfigurationReference = EA0A6CBBBEF4F08D32851D94 /* Pods-SuperApp2Tests.release.xcconfig */;
			buildSettings = {
				ALWAYS_EMBED_SWIFT_STANDARD_LIBRARIES = YES;
				BUNDLE_LOADER = "$(TEST_HOST)";
				CODE_SIGN_STYLE = Automatic;
				CURRENT_PROJECT_VERSION = 1;
				GENERATE_INFOPLIST_FILE = YES;
				IPHONEOS_DEPLOYMENT_TARGET = 15.5;
				MARKETING_VERSION = 1.0;
				PRODUCT_BUNDLE_IDENTIFIER = LikCard.SuperApp2Tests;
				PRODUCT_NAME = "$(TARGET_NAME)";
				SWIFT_EMIT_LOC_STRINGS = NO;
				SWIFT_VERSION = 5.0;
				TARGETED_DEVICE_FAMILY = "1,2";
				TEST_HOST = "$(BUILT_PRODUCTS_DIR)/SuperApp2.app/SuperApp2";
			};
			name = Release;
		};
		3A7249E32972CB070033D2BB /* Debug */ = {
			isa = XCBuildConfiguration;
			baseConfigurationReference = F3868EA3F69D5050CD4D9878 /* Pods-SuperApp2-SuperApp2UITests.debug.xcconfig */;
			buildSettings = {
				ALWAYS_EMBED_SWIFT_STANDARD_LIBRARIES = YES;
				CODE_SIGN_STYLE = Automatic;
				CURRENT_PROJECT_VERSION = 1;
				GENERATE_INFOPLIST_FILE = YES;
				MARKETING_VERSION = 1.0;
				PRODUCT_BUNDLE_IDENTIFIER = LikCard.SuperApp2UITests;
				PRODUCT_NAME = "$(TARGET_NAME)";
				SWIFT_EMIT_LOC_STRINGS = NO;
				SWIFT_VERSION = 5.0;
				TARGETED_DEVICE_FAMILY = "1,2";
				TEST_TARGET_NAME = SuperApp2;
			};
			name = Debug;
		};
		3A7249E42972CB070033D2BB /* Release */ = {
			isa = XCBuildConfiguration;
			baseConfigurationReference = 33012D627004F3F1BE9DF48F /* Pods-SuperApp2-SuperApp2UITests.release.xcconfig */;
			buildSettings = {
				ALWAYS_EMBED_SWIFT_STANDARD_LIBRARIES = YES;
				CODE_SIGN_STYLE = Automatic;
				CURRENT_PROJECT_VERSION = 1;
				GENERATE_INFOPLIST_FILE = YES;
				MARKETING_VERSION = 1.0;
				PRODUCT_BUNDLE_IDENTIFIER = LikCard.SuperApp2UITests;
				PRODUCT_NAME = "$(TARGET_NAME)";
				SWIFT_EMIT_LOC_STRINGS = NO;
				SWIFT_VERSION = 5.0;
				TARGETED_DEVICE_FAMILY = "1,2";
				TEST_TARGET_NAME = SuperApp2;
			};
			name = Release;
		};
/* End XCBuildConfiguration section */

/* Begin XCConfigurationList section */
		3A7249AD2972CB060033D2BB /* Build configuration list for PBXProject "SuperApp2" */ = {
			isa = XCConfigurationList;
			buildConfigurations = (
				3A7249DA2972CB070033D2BB /* Debug */,
				3A7249DB2972CB070033D2BB /* Release */,
			);
			defaultConfigurationIsVisible = 0;
			defaultConfigurationName = Release;
		};
		3A7249DC2972CB070033D2BB /* Build configuration list for PBXNativeTarget "SuperApp2" */ = {
			isa = XCConfigurationList;
			buildConfigurations = (
				3A7249DD2972CB070033D2BB /* Debug */,
				3A7249DE2972CB070033D2BB /* Release */,
			);
			defaultConfigurationIsVisible = 0;
			defaultConfigurationName = Release;
		};
		3A7249DF2972CB070033D2BB /* Build configuration list for PBXNativeTarget "SuperApp2Tests" */ = {
			isa = XCConfigurationList;
			buildConfigurations = (
				3A7249E02972CB070033D2BB /* Debug */,
				3A7249E12972CB070033D2BB /* Release */,
			);
			defaultConfigurationIsVisible = 0;
			defaultConfigurationName = Release;
		};
		3A7249E22972CB070033D2BB /* Build configuration list for PBXNativeTarget "SuperApp2UITests" */ = {
			isa = XCConfigurationList;
			buildConfigurations = (
				3A7249E32972CB070033D2BB /* Debug */,
				3A7249E42972CB070033D2BB /* Release */,
			);
			defaultConfigurationIsVisible = 0;
			defaultConfigurationName = Release;
		};
/* End XCConfigurationList section */
	};
	rootObject = 3A7249AA2972CB060033D2BB /* Project object */;
}
